
Microsoft Visual Studio Solution File, Format Version 12.00
# Visual Studio Version 17
VisualStudioVersion = 17.3.32929.385
MinimumVisualStudioVersion = 10.0.40219.1
Project("{FAE04EC0-301F-11D3-BF4B-00C04F79EFBC}") = "Web_API_SmartShop", "Web_API_SmartShop\Web_API_SmartShop.csproj", "{F949E8B1-A64F-474B-9AE4-87A762A297D2}"
EndProject
Global
	GlobalSection(SolutionConfigurationPlatforms) = preSolution
		Debug|Any CPU = Debug|Any CPU
		Release|Any CPU = Release|Any CPU
	EndGlobalSection
	GlobalSection(ProjectConfigurationPlatforms) = postSolution
		{F949E8B1-A64F-474B-9AE4-87A762A297D2}.Debug|Any CPU.ActiveCfg = Debug|Any CPU
		{F949E8B1-A64F-474B-9AE4-87A762A297D2}.Debug|Any CPU.Build.0 = Debug|Any CPU
		{F949E8B1-A64F-474B-9AE4-87A762A297D2}.Release|Any CPU.ActiveCfg = Release|Any CPU
		{F949E8B1-A64F-474B-9AE4-87A762A297D2}.Release|Any CPU.Build.0 = Release|Any CPU
	EndGlobalSection
	GlobalSection(SolutionProperties) = preSolution
		HideSolutionNode = FALSE
	EndGlobalSection
	GlobalSection(ExtensibilityGlobals) = postSolution
		SolutionGuid = {B39519EB-4F76-4D6F-BE97-54FE41116F88}
	EndGlobalSection
EndGlobal
